
Microsoft Visual Studio Solution File, Format Version 12.00
# Visual Studio Version 17
VisualStudioVersion = 17.5.33424.131
MinimumVisualStudioVersion = 10.0.40219.1
Project("{8BC9CEB8-8B4A-11D0-8D11-00A0C91BC942}") = "TABLE", "TABLE\TABLE.vcxproj", "{28F8A72F-E6EF-4764-A09F-1DC718070C51}"
EndProject
Project("{8BC9CEB8-8B4A-11D0-8D11-00A0C91BC942}") = "gtest", "gtest\gtest.vcxproj", "{BEEBF60D-DC96-497C-B3FB-21F99725E205}"
EndProject
Project("{8BC9CEB8-8B4A-11D0-8D11-00A0C91BC942}") = "sample", "sample\sample.vcxproj", "{3E706B3B-6AD1-4AA0-9EEB-6AC4CD6600DC}"
EndProject
Project("{8BC9CEB8-8B4A-11D0-8D11-00A0C91BC942}") = "polinom", "polinom\polinom.vcxproj", "{7681F085-7A54-4634-8335-8B649DC13496}"
EndProject
Project("{8BC9CEB8-8B4A-11D0-8D11-00A0C91BC942}") = "tests", "tests\tests.vcxproj", "{D8210C7C-C6B9-4FAC-BE95-4EF40F7E3E2C}"
EndProject
Global
	GlobalSection(SolutionConfigurationPlatforms) = preSolution
		Debug|x64 = Debug|x64
		Debug|x86 = Debug|x86
		Release|x64 = Release|x64
		Release|x86 = Release|x86
	EndGlobalSection
	GlobalSection(ProjectConfigurationPlatforms) = postSolution
		{28F8A72F-E6EF-4764-A09F-1DC718070C51}.Debug|x64.ActiveCfg = Debug|x64
		{28F8A72F-E6EF-4764-A09F-1DC718070C51}.Debug|x64.Build.0 = Debug|x64
		{28F8A72F-E6EF-4764-A09F-1DC718070C51}.Debug|x86.ActiveCfg = Debug|Win32
		{28F8A72F-E6EF-4764-A09F-1DC718070C51}.Debug|x86.Build.0 = Debug|Win32
		{28F8A72F-E6EF-4764-A09F-1DC718070C51}.Release|x64.ActiveCfg = Release|x64
		{28F8A72F-E6EF-4764-A09F-1DC718070C51}.Release|x64.Build.0 = Release|x64
		{28F8A72F-E6EF-4764-A09F-1DC718070C51}.Release|x86.ActiveCfg = Release|Win32
		{28F8A72F-E6EF-4764-A09F-1DC718070C51}.Release|x86.Build.0 = Release|Win32
		{BEEBF60D-DC96-497C-B3FB-21F99725E205}.Debug|x64.ActiveCfg = Debug|x64
		{BEEBF60D-DC96-497C-B3FB-21F99725E205}.Debug|x64.Build.0 = Debug|x64
		{BEEBF60D-DC96-497C-B3FB-21F99725E205}.Debug|x86.ActiveCfg = Debug|Win32
		{BEEBF60D-DC96-497C-B3FB-21F99725E205}.Debug|x86.Build.0 = Debug|Win32
		{BEEBF60D-DC96-497C-B3FB-21F99725E205}.Release|x64.ActiveCfg = Release|x64
		{BEEBF60D-DC96-497C-B3FB-21F99725E205}.Release|x64.Build.0 = Release|x64
		{BEEBF60D-DC96-497C-B3FB-21F99725E205}.Release|x86.ActiveCfg = Release|Win32
		{BEEBF60D-DC96-497C-B3FB-21F99725E205}.Release|x86.Build.0 = Release|Win32
		{3E706B3B-6AD1-4AA0-9EEB-6AC4CD6600DC}.Debug|x64.ActiveCfg = Debug|x64
		{3E706B3B-6AD1-4AA0-9EEB-6AC4CD6600DC}.Debug|x64.Build.0 = Debug|x64
		{3E706B3B-6AD1-4AA0-9EEB-6AC4CD6600DC}.Debug|x86.ActiveCfg = Debug|Win32
		{3E706B3B-6AD1-4AA0-9EEB-6AC4CD6600DC}.Debug|x86.Build.0 = Debug|Win32
		{3E706B3B-6AD1-4AA0-9EEB-6AC4CD6600DC}.Release|x64.ActiveCfg = Release|x64
		{3E706B3B-6AD1-4AA0-9EEB-6AC4CD6600DC}.Release|x64.Build.0 = Release|x64
		{3E706B3B-6AD1-4AA0-9EEB-6AC4CD6600DC}.Release|x86.ActiveCfg = Release|Win32
		{3E706B3B-6AD1-4AA0-9EEB-6AC4CD6600DC}.Release|x86.Build.0 = Release|Win32
		{7681F085-7A54-4634-8335-8B649DC13496}.Debug|x64.ActiveCfg = Debug|x64
		{7681F085-7A54-4634-8335-8B649DC13496}.Debug|x64.Build.0 = Debug|x64
		{7681F085-7A54-4634-8335-8B649DC13496}.Debug|x86.ActiveCfg = Debug|Win32
		{7681F085-7A54-4634-8335-8B649DC13496}.Debug|x86.Build.0 = Debug|Win32
		{7681F085-7A54-4634-8335-8B649DC13496}.Release|x64.ActiveCfg = Release|x64
		{7681F085-7A54-4634-8335-8B649DC13496}.Release|x64.Build.0 = Release|x64
		{7681F085-7A54-4634-8335-8B649DC13496}.Release|x86.ActiveCfg = Release|Win32
		{7681F085-7A54-4634-8335-8B649DC13496}.Release|x86.Build.0 = Release|Win32
		{D8210C7C-C6B9-4FAC-BE95-4EF40F7E3E2C}.Debug|x64.ActiveCfg = Debug|x64
		{D8210C7C-C6B9-4FAC-BE95-4EF40F7E3E2C}.Debug|x64.Build.0 = Debug|x64
		{D8210C7C-C6B9-4FAC-BE95-4EF40F7E3E2C}.Debug|x86.ActiveCfg = Debug|Win32
		{D8210C7C-C6B9-4FAC-BE95-4EF40F7E3E2C}.Debug|x86.Build.0 = Debug|Win32
		{D8210C7C-C6B9-4FAC-BE95-4EF40F7E3E2C}.Release|x64.ActiveCfg = Release|x64
		{D8210C7C-C6B9-4FAC-BE95-4EF40F7E3E2C}.Release|x64.Build.0 = Release|x64
		{D8210C7C-C6B9-4FAC-BE95-4EF40F7E3E2C}.Release|x86.ActiveCfg = Release|Win32
		{D8210C7C-C6B9-4FAC-BE95-4EF40F7E3E2C}.Release|x86.Build.0 = Release|Win32
	EndGlobalSection
	GlobalSection(SolutionProperties) = preSolution
		HideSolutionNode = FALSE
	EndGlobalSection
	GlobalSection(ExtensibilityGlobals) = postSolution
		SolutionGuid = {D9BB1C9A-082C-45EE-B57D-9A75F65A11EE}
	EndGlobalSection
EndGlobal
