
Microsoft Visual Studio Solution File, Format Version 12.00
# Visual Studio Version 16
VisualStudioVersion = 16.0.33328.57
MinimumVisualStudioVersion = 10.0.40219.1
Project("{8BC9CEB8-8B4A-11D0-8D11-00A0C91BC942}") = "tables", "tables\tables.vcxproj", "{20202434-3592-4E84-99CF-22D4F033907F}"
EndProject
Project("{8BC9CEB8-8B4A-11D0-8D11-00A0C91BC942}") = "tests", "tests\tests.vcxproj", "{953016AD-921B-4A6B-AC98-64859B6966F4}"
	ProjectSection(ProjectDependencies) = postProject
		{20202434-3592-4E84-99CF-22D4F033907F} = {20202434-3592-4E84-99CF-22D4F033907F}
		{828A5BB4-08DC-4FDE-9E39-6E461CF547EC} = {828A5BB4-08DC-4FDE-9E39-6E461CF547EC}
	EndProjectSection
EndProject
Project("{8BC9CEB8-8B4A-11D0-8D11-00A0C91BC942}") = "sample", "sample\sample.vcxproj", "{C70AF6A7-E15A-406B-BE93-809899D63E1D}"
	ProjectSection(ProjectDependencies) = postProject
		{20202434-3592-4E84-99CF-22D4F033907F} = {20202434-3592-4E84-99CF-22D4F033907F}
		{C1F4029A-EC26-4D62-B6AF-271D1FD5C0FA} = {C1F4029A-EC26-4D62-B6AF-271D1FD5C0FA}
	EndProjectSection
EndProject
Project("{8BC9CEB8-8B4A-11D0-8D11-00A0C91BC942}") = "polynomial", "polynomial\polynomial.vcxproj", "{C1F4029A-EC26-4D62-B6AF-271D1FD5C0FA}"
EndProject
Project("{8BC9CEB8-8B4A-11D0-8D11-00A0C91BC942}") = "TESTINGTREEE)))", "TESTINGTREEE)))\TESTINGTREEE))).vcxproj", "{CED9DBCD-E781-40A9-A584-3A2172A9C988}"
EndProject
Project("{8BC9CEB8-8B4A-11D0-8D11-00A0C91BC942}") = "gtest", "gtest\gtest.vcxproj", "{828A5BB4-08DC-4FDE-9E39-6E461CF547EC}"
EndProject
Global
	GlobalSection(SolutionConfigurationPlatforms) = preSolution
		Debug|x64 = Debug|x64
		Debug|x86 = Debug|x86
		Release|x64 = Release|x64
		Release|x86 = Release|x86
	EndGlobalSection
	GlobalSection(ProjectConfigurationPlatforms) = postSolution
		{20202434-3592-4E84-99CF-22D4F033907F}.Debug|x64.ActiveCfg = Debug|x64
		{20202434-3592-4E84-99CF-22D4F033907F}.Debug|x64.Build.0 = Debug|x64
		{20202434-3592-4E84-99CF-22D4F033907F}.Debug|x86.ActiveCfg = Debug|Win32
		{20202434-3592-4E84-99CF-22D4F033907F}.Debug|x86.Build.0 = Debug|Win32
		{20202434-3592-4E84-99CF-22D4F033907F}.Release|x64.ActiveCfg = Release|x64
		{20202434-3592-4E84-99CF-22D4F033907F}.Release|x64.Build.0 = Release|x64
		{20202434-3592-4E84-99CF-22D4F033907F}.Release|x86.ActiveCfg = Release|Win32
		{20202434-3592-4E84-99CF-22D4F033907F}.Release|x86.Build.0 = Release|Win32
		{953016AD-921B-4A6B-AC98-64859B6966F4}.Debug|x64.ActiveCfg = Debug|x64
		{953016AD-921B-4A6B-AC98-64859B6966F4}.Debug|x64.Build.0 = Debug|x64
		{953016AD-921B-4A6B-AC98-64859B6966F4}.Debug|x86.ActiveCfg = Debug|Win32
		{953016AD-921B-4A6B-AC98-64859B6966F4}.Debug|x86.Build.0 = Debug|Win32
		{953016AD-921B-4A6B-AC98-64859B6966F4}.Release|x64.ActiveCfg = Release|x64
		{953016AD-921B-4A6B-AC98-64859B6966F4}.Release|x64.Build.0 = Release|x64
		{953016AD-921B-4A6B-AC98-64859B6966F4}.Release|x86.ActiveCfg = Release|Win32
		{953016AD-921B-4A6B-AC98-64859B6966F4}.Release|x86.Build.0 = Release|Win32
		{C70AF6A7-E15A-406B-BE93-809899D63E1D}.Debug|x64.ActiveCfg = Debug|x64
		{C70AF6A7-E15A-406B-BE93-809899D63E1D}.Debug|x64.Build.0 = Debug|x64
		{C70AF6A7-E15A-406B-BE93-809899D63E1D}.Debug|x86.ActiveCfg = Debug|Win32
		{C70AF6A7-E15A-406B-BE93-809899D63E1D}.Debug|x86.Build.0 = Debug|Win32
		{C70AF6A7-E15A-406B-BE93-809899D63E1D}.Release|x64.ActiveCfg = Release|x64
		{C70AF6A7-E15A-406B-BE93-809899D63E1D}.Release|x64.Build.0 = Release|x64
		{C70AF6A7-E15A-406B-BE93-809899D63E1D}.Release|x86.ActiveCfg = Release|Win32
		{C70AF6A7-E15A-406B-BE93-809899D63E1D}.Release|x86.Build.0 = Release|Win32
		{C1F4029A-EC26-4D62-B6AF-271D1FD5C0FA}.Debug|x64.ActiveCfg = Debug|x64
		{C1F4029A-EC26-4D62-B6AF-271D1FD5C0FA}.Debug|x64.Build.0 = Debug|x64
		{C1F4029A-EC26-4D62-B6AF-271D1FD5C0FA}.Debug|x86.ActiveCfg = Debug|Win32
		{C1F4029A-EC26-4D62-B6AF-271D1FD5C0FA}.Debug|x86.Build.0 = Debug|Win32
		{C1F4029A-EC26-4D62-B6AF-271D1FD5C0FA}.Release|x64.ActiveCfg = Release|x64
		{C1F4029A-EC26-4D62-B6AF-271D1FD5C0FA}.Release|x64.Build.0 = Release|x64
		{C1F4029A-EC26-4D62-B6AF-271D1FD5C0FA}.Release|x86.ActiveCfg = Release|Win32
		{C1F4029A-EC26-4D62-B6AF-271D1FD5C0FA}.Release|x86.Build.0 = Release|Win32
		{CED9DBCD-E781-40A9-A584-3A2172A9C988}.Debug|x64.ActiveCfg = Debug|x64
		{CED9DBCD-E781-40A9-A584-3A2172A9C988}.Debug|x64.Build.0 = Debug|x64
		{CED9DBCD-E781-40A9-A584-3A2172A9C988}.Debug|x86.ActiveCfg = Debug|Win32
		{CED9DBCD-E781-40A9-A584-3A2172A9C988}.Debug|x86.Build.0 = Debug|Win32
		{CED9DBCD-E781-40A9-A584-3A2172A9C988}.Release|x64.ActiveCfg = Release|x64
		{CED9DBCD-E781-40A9-A584-3A2172A9C988}.Release|x64.Build.0 = Release|x64
		{CED9DBCD-E781-40A9-A584-3A2172A9C988}.Release|x86.ActiveCfg = Release|Win32
		{CED9DBCD-E781-40A9-A584-3A2172A9C988}.Release|x86.Build.0 = Release|Win32
		{828A5BB4-08DC-4FDE-9E39-6E461CF547EC}.Debug|x64.ActiveCfg = Debug|x64
		{828A5BB4-08DC-4FDE-9E39-6E461CF547EC}.Debug|x64.Build.0 = Debug|x64
		{828A5BB4-08DC-4FDE-9E39-6E461CF547EC}.Debug|x86.ActiveCfg = Debug|Win32
		{828A5BB4-08DC-4FDE-9E39-6E461CF547EC}.Debug|x86.Build.0 = Debug|Win32
		{828A5BB4-08DC-4FDE-9E39-6E461CF547EC}.Release|x64.ActiveCfg = Release|x64
		{828A5BB4-08DC-4FDE-9E39-6E461CF547EC}.Release|x64.Build.0 = Release|x64
		{828A5BB4-08DC-4FDE-9E39-6E461CF547EC}.Release|x86.ActiveCfg = Release|Win32
		{828A5BB4-08DC-4FDE-9E39-6E461CF547EC}.Release|x86.Build.0 = Release|Win32
	EndGlobalSection
	GlobalSection(SolutionProperties) = preSolution
		HideSolutionNode = FALSE
	EndGlobalSection
	GlobalSection(ExtensibilityGlobals) = postSolution
		SolutionGuid = {45B273BF-EDEC-49B2-AC57-1083F86B4C20}
	EndGlobalSection
EndGlobal
