
Microsoft Visual Studio Solution File, Format Version 12.00
# Visual Studio Version 16
VisualStudioVersion = 16.0.29215.179
MinimumVisualStudioVersion = 10.0.40219.1
Project("{8BC9CEB8-8B4A-11D0-8D11-00A0C91BC942}") = "LabWork5", "LabWork5\LabWork5.vcxproj", "{635467E1-C4AE-453E-A4AB-EAA77369AD5C}"
EndProject
Project("{8BC9CEB8-8B4A-11D0-8D11-00A0C91BC942}") = "Tests", "Tests\Tests.vcxproj", "{BCD0E55C-E639-4135-BB51-C8ABF29F12E5}"
EndProject
Project("{8BC9CEB8-8B4A-11D0-8D11-00A0C91BC942}") = "Polinom", "Polinom\Polinom.vcxproj", "{E2BE096A-0055-4840-B95D-AE7F07B9D364}"
EndProject
Project("{8BC9CEB8-8B4A-11D0-8D11-00A0C91BC942}") = "gtest", "gtest\gtest.vcxproj", "{EB3F497E-6617-4654-860C-C4F8C63DE565}"
EndProject
Project("{8BC9CEB8-8B4A-11D0-8D11-00A0C91BC942}") = "sample", "sample\sample.vcxproj", "{81DA5A56-7646-41EC-9B0A-C1405B08ED6B}"
EndProject
Global
	GlobalSection(SolutionConfigurationPlatforms) = preSolution
		Debug|x64 = Debug|x64
		Debug|x86 = Debug|x86
		Release|x64 = Release|x64
		Release|x86 = Release|x86
	EndGlobalSection
	GlobalSection(ProjectConfigurationPlatforms) = postSolution
		{635467E1-C4AE-453E-A4AB-EAA77369AD5C}.Debug|x64.ActiveCfg = Debug|x64
		{635467E1-C4AE-453E-A4AB-EAA77369AD5C}.Debug|x64.Build.0 = Debug|x64
		{635467E1-C4AE-453E-A4AB-EAA77369AD5C}.Debug|x86.ActiveCfg = Debug|Win32
		{635467E1-C4AE-453E-A4AB-EAA77369AD5C}.Debug|x86.Build.0 = Debug|Win32
		{635467E1-C4AE-453E-A4AB-EAA77369AD5C}.Release|x64.ActiveCfg = Release|x64
		{635467E1-C4AE-453E-A4AB-EAA77369AD5C}.Release|x64.Build.0 = Release|x64
		{635467E1-C4AE-453E-A4AB-EAA77369AD5C}.Release|x86.ActiveCfg = Release|Win32
		{635467E1-C4AE-453E-A4AB-EAA77369AD5C}.Release|x86.Build.0 = Release|Win32
		{BCD0E55C-E639-4135-BB51-C8ABF29F12E5}.Debug|x64.ActiveCfg = Debug|x64
		{BCD0E55C-E639-4135-BB51-C8ABF29F12E5}.Debug|x64.Build.0 = Debug|x64
		{BCD0E55C-E639-4135-BB51-C8ABF29F12E5}.Debug|x86.ActiveCfg = Debug|Win32
		{BCD0E55C-E639-4135-BB51-C8ABF29F12E5}.Debug|x86.Build.0 = Debug|Win32
		{BCD0E55C-E639-4135-BB51-C8ABF29F12E5}.Release|x64.ActiveCfg = Release|x64
		{BCD0E55C-E639-4135-BB51-C8ABF29F12E5}.Release|x64.Build.0 = Release|x64
		{BCD0E55C-E639-4135-BB51-C8ABF29F12E5}.Release|x86.ActiveCfg = Release|Win32
		{BCD0E55C-E639-4135-BB51-C8ABF29F12E5}.Release|x86.Build.0 = Release|Win32
		{E2BE096A-0055-4840-B95D-AE7F07B9D364}.Debug|x64.ActiveCfg = Debug|x64
		{E2BE096A-0055-4840-B95D-AE7F07B9D364}.Debug|x64.Build.0 = Debug|x64
		{E2BE096A-0055-4840-B95D-AE7F07B9D364}.Debug|x86.ActiveCfg = Debug|Win32
		{E2BE096A-0055-4840-B95D-AE7F07B9D364}.Debug|x86.Build.0 = Debug|Win32
		{E2BE096A-0055-4840-B95D-AE7F07B9D364}.Release|x64.ActiveCfg = Release|x64
		{E2BE096A-0055-4840-B95D-AE7F07B9D364}.Release|x64.Build.0 = Release|x64
		{E2BE096A-0055-4840-B95D-AE7F07B9D364}.Release|x86.ActiveCfg = Release|Win32
		{E2BE096A-0055-4840-B95D-AE7F07B9D364}.Release|x86.Build.0 = Release|Win32
		{EB3F497E-6617-4654-860C-C4F8C63DE565}.Debug|x64.ActiveCfg = Debug|x64
		{EB3F497E-6617-4654-860C-C4F8C63DE565}.Debug|x64.Build.0 = Debug|x64
		{EB3F497E-6617-4654-860C-C4F8C63DE565}.Debug|x86.ActiveCfg = Debug|Win32
		{EB3F497E-6617-4654-860C-C4F8C63DE565}.Debug|x86.Build.0 = Debug|Win32
		{EB3F497E-6617-4654-860C-C4F8C63DE565}.Release|x64.ActiveCfg = Release|x64
		{EB3F497E-6617-4654-860C-C4F8C63DE565}.Release|x64.Build.0 = Release|x64
		{EB3F497E-6617-4654-860C-C4F8C63DE565}.Release|x86.ActiveCfg = Release|Win32
		{EB3F497E-6617-4654-860C-C4F8C63DE565}.Release|x86.Build.0 = Release|Win32
		{81DA5A56-7646-41EC-9B0A-C1405B08ED6B}.Debug|x64.ActiveCfg = Debug|x64
		{81DA5A56-7646-41EC-9B0A-C1405B08ED6B}.Debug|x64.Build.0 = Debug|x64
		{81DA5A56-7646-41EC-9B0A-C1405B08ED6B}.Debug|x86.ActiveCfg = Debug|Win32
		{81DA5A56-7646-41EC-9B0A-C1405B08ED6B}.Debug|x86.Build.0 = Debug|Win32
		{81DA5A56-7646-41EC-9B0A-C1405B08ED6B}.Release|x64.ActiveCfg = Release|x64
		{81DA5A56-7646-41EC-9B0A-C1405B08ED6B}.Release|x64.Build.0 = Release|x64
		{81DA5A56-7646-41EC-9B0A-C1405B08ED6B}.Release|x86.ActiveCfg = Release|Win32
		{81DA5A56-7646-41EC-9B0A-C1405B08ED6B}.Release|x86.Build.0 = Release|Win32
	EndGlobalSection
	GlobalSection(SolutionProperties) = preSolution
		HideSolutionNode = FALSE
	EndGlobalSection
	GlobalSection(ExtensibilityGlobals) = postSolution
		SolutionGuid = {75A852F3-11E6-433D-820F-F3D5C14171D0}
	EndGlobalSection
EndGlobal
