
Microsoft Visual Studio Solution File, Format Version 12.00
# Visual Studio Version 16
VisualStudioVersion = 16.0.30907.101
MinimumVisualStudioVersion = 10.0.40219.1
Project("{8BC9CEB8-8B4A-11D0-8D11-00A0C91BC942}") = "Tables", "Tables\Tables.vcxproj", "{5CFAF0B7-9B3F-4BB1-B535-086370B89139}"
EndProject
Project("{8BC9CEB8-8B4A-11D0-8D11-00A0C91BC942}") = "Tables_test", "Tables_test\Tables_test.vcxproj", "{A1015318-08A0-45A4-8FA9-7B40EB745C85}"
EndProject
Global
	GlobalSection(SolutionConfigurationPlatforms) = preSolution
		Debug|x64 = Debug|x64
		Debug|x86 = Debug|x86
		Release|x64 = Release|x64
		Release|x86 = Release|x86
	EndGlobalSection
	GlobalSection(ProjectConfigurationPlatforms) = postSolution
		{5CFAF0B7-9B3F-4BB1-B535-086370B89139}.Debug|x64.ActiveCfg = Debug|x64
		{5CFAF0B7-9B3F-4BB1-B535-086370B89139}.Debug|x64.Build.0 = Debug|x64
		{5CFAF0B7-9B3F-4BB1-B535-086370B89139}.Debug|x86.ActiveCfg = Debug|Win32
		{5CFAF0B7-9B3F-4BB1-B535-086370B89139}.Debug|x86.Build.0 = Debug|Win32
		{5CFAF0B7-9B3F-4BB1-B535-086370B89139}.Release|x64.ActiveCfg = Release|x64
		{5CFAF0B7-9B3F-4BB1-B535-086370B89139}.Release|x64.Build.0 = Release|x64
		{5CFAF0B7-9B3F-4BB1-B535-086370B89139}.Release|x86.ActiveCfg = Release|Win32
		{5CFAF0B7-9B3F-4BB1-B535-086370B89139}.Release|x86.Build.0 = Release|Win32
		{A1015318-08A0-45A4-8FA9-7B40EB745C85}.Debug|x64.ActiveCfg = Debug|x64
		{A1015318-08A0-45A4-8FA9-7B40EB745C85}.Debug|x64.Build.0 = Debug|x64
		{A1015318-08A0-45A4-8FA9-7B40EB745C85}.Debug|x86.ActiveCfg = Debug|Win32
		{A1015318-08A0-45A4-8FA9-7B40EB745C85}.Debug|x86.Build.0 = Debug|Win32
		{A1015318-08A0-45A4-8FA9-7B40EB745C85}.Release|x64.ActiveCfg = Release|x64
		{A1015318-08A0-45A4-8FA9-7B40EB745C85}.Release|x64.Build.0 = Release|x64
		{A1015318-08A0-45A4-8FA9-7B40EB745C85}.Release|x86.ActiveCfg = Release|Win32
		{A1015318-08A0-45A4-8FA9-7B40EB745C85}.Release|x86.Build.0 = Release|Win32
	EndGlobalSection
	GlobalSection(SolutionProperties) = preSolution
		HideSolutionNode = FALSE
	EndGlobalSection
	GlobalSection(ExtensibilityGlobals) = postSolution
		SolutionGuid = {6357CE40-587F-4B43-B396-44DDFF779AB1}
	EndGlobalSection
EndGlobal
